
Microsoft Visual Studio Solution File, Format Version 12.00
# Visual Studio 15
VisualStudioVersion = 15.0.27130.2036
MinimumVisualStudioVersion = 10.0.40219.1
Project("{FAE04EC0-301F-11D3-BF4B-00C04F79EFBC}") = "Calculator", "Calculator\Calculator.csproj", "{937EC8AC-9C91-449E-9D55-7C92A8C54D74}"
EndProject
Global
	GlobalSection(SolutionConfigurationPlatforms) = preSolution
		Debug|Any CPU = Debug|Any CPU
		Release|Any CPU = Release|Any CPU
	EndGlobalSection
	GlobalSection(ProjectConfigurationPlatforms) = postSolution
		{937EC8AC-9C91-449E-9D55-7C92A8C54D74}.Debug|Any CPU.ActiveCfg = Debug|Any CPU
		{937EC8AC-9C91-449E-9D55-7C92A8C54D74}.Debug|Any CPU.Build.0 = Debug|Any CPU
		{937EC8AC-9C91-449E-9D55-7C92A8C54D74}.Release|Any CPU.ActiveCfg = Release|Any CPU
		{937EC8AC-9C91-449E-9D55-7C92A8C54D74}.Release|Any CPU.Build.0 = Release|Any CPU
	EndGlobalSection
	GlobalSection(SolutionProperties) = preSolution
		HideSolutionNode = FALSE
	EndGlobalSection
	GlobalSection(ExtensibilityGlobals) = postSolution
		SolutionGuid = {D8F81ED6-76D6-4269-AD20-F48670C01CF1}
	EndGlobalSection
EndGlobal
